
Microsoft Visual Studio Solution File, Format Version 12.00
# Visual Studio Version 16
VisualStudioVersion = 16.0.29728.190
MinimumVisualStudioVersion = 10.0.40219.1
Project("{FAE04EC0-301F-11D3-BF4B-00C04F79EFBC}") = "Furn_Store", "Furn_Store\Furn_Store.csproj", "{83CDB49B-C4AD-438B-A1F3-5ED9EC1026A3}"
EndProject
Project("{9A19103F-16F7-4668-BE54-9A1E7A4F7556}") = "Furniture_Store.Data", "..\..\..\Документы\Furniture_Store\Furniture_Store1\Furniture_Store.Data\Furniture_Store.Data.csproj", "{BEC463EA-8D4A-4F1C-A0DA-381F73ECF339}"
EndProject
Project("{9A19103F-16F7-4668-BE54-9A1E7A4F7556}") = "Furniture_Store.Business", "..\..\..\Документы\Furniture_Store\Furniture_Store1\Furniture_Store.Business\Furniture_Store.Business.csproj", "{5CBB0DDE-C8C7-4F3B-911A-91C14F00188B}"
EndProject
Project("{9A19103F-16F7-4668-BE54-9A1E7A4F7556}") = "Furniture_Store.WEB", "..\..\..\Документы\Furniture_Store\Furniture_Store1\Furniture_Store.WEB\Furniture_Store.WEB.csproj", "{B57EFC6E-E85E-49E1-A243-1B06CFB5ABF4}"
EndProject
Global
	GlobalSection(SolutionConfigurationPlatforms) = preSolution
		Debug|Any CPU = Debug|Any CPU
		Release|Any CPU = Release|Any CPU
	EndGlobalSection
	GlobalSection(ProjectConfigurationPlatforms) = postSolution
		{83CDB49B-C4AD-438B-A1F3-5ED9EC1026A3}.Debug|Any CPU.ActiveCfg = Debug|Any CPU
		{83CDB49B-C4AD-438B-A1F3-5ED9EC1026A3}.Debug|Any CPU.Build.0 = Debug|Any CPU
		{83CDB49B-C4AD-438B-A1F3-5ED9EC1026A3}.Release|Any CPU.ActiveCfg = Release|Any CPU
		{83CDB49B-C4AD-438B-A1F3-5ED9EC1026A3}.Release|Any CPU.Build.0 = Release|Any CPU
		{BEC463EA-8D4A-4F1C-A0DA-381F73ECF339}.Debug|Any CPU.ActiveCfg = Debug|Any CPU
		{BEC463EA-8D4A-4F1C-A0DA-381F73ECF339}.Debug|Any CPU.Build.0 = Debug|Any CPU
		{BEC463EA-8D4A-4F1C-A0DA-381F73ECF339}.Release|Any CPU.ActiveCfg = Release|Any CPU
		{BEC463EA-8D4A-4F1C-A0DA-381F73ECF339}.Release|Any CPU.Build.0 = Release|Any CPU
		{5CBB0DDE-C8C7-4F3B-911A-91C14F00188B}.Debug|Any CPU.ActiveCfg = Debug|Any CPU
		{5CBB0DDE-C8C7-4F3B-911A-91C14F00188B}.Debug|Any CPU.Build.0 = Debug|Any CPU
		{5CBB0DDE-C8C7-4F3B-911A-91C14F00188B}.Release|Any CPU.ActiveCfg = Release|Any CPU
		{5CBB0DDE-C8C7-4F3B-911A-91C14F00188B}.Release|Any CPU.Build.0 = Release|Any CPU
		{B57EFC6E-E85E-49E1-A243-1B06CFB5ABF4}.Debug|Any CPU.ActiveCfg = Debug|Any CPU
		{B57EFC6E-E85E-49E1-A243-1B06CFB5ABF4}.Debug|Any CPU.Build.0 = Debug|Any CPU
		{B57EFC6E-E85E-49E1-A243-1B06CFB5ABF4}.Release|Any CPU.ActiveCfg = Release|Any CPU
		{B57EFC6E-E85E-49E1-A243-1B06CFB5ABF4}.Release|Any CPU.Build.0 = Release|Any CPU
	EndGlobalSection
	GlobalSection(SolutionProperties) = preSolution
		HideSolutionNode = FALSE
	EndGlobalSection
	GlobalSection(ExtensibilityGlobals) = postSolution
		SolutionGuid = {F22ED75E-7568-4CCD-84B5-9B1A650A7D68}
	EndGlobalSection
EndGlobal
